<?xml version="1.0" encoding="UTF-8"?>
<CONFIG>
  <ProjectOptions>
    <Version Value="11"/>
    <PathDelim Value="\"/>
    <General>
      <Flags>
        <MainUnitHasCreateFormStatements Value="False"/>
        <MainUnitHasTitleStatement Value="False"/>
      </Flags>
      <SessionStorage Value="InProjectDir"/>
      <MainUnit Value="0"/>
      <Title Value="__PROJNAME__"/>
      <UseAppBundle Value="False"/>
      <ResourceType Value="res"/>
    </General>
    <i18n>
      <EnableI18N LFM="False"/>
    </i18n>
    <BuildModes Count="8">
      <Item1 Name="Debug_win_x86" Default="True"/>
      <Item2 Name="Release_win_x86">
        <CompilerOptions>
          <Version Value="11"/>
          <PathDelim Value="\"/>
          <Target>
            <Filename Value="Release\win_x86\__PROJNAME__"/>
          </Target>
          <SearchPaths>
            <IncludeFiles Value="$(ProjOutDir)"/>
            <UnitOutputDirectory Value="out_temp\$(TargetCPU)-$(TargetOS)"/>
          </SearchPaths>
          <CodeGeneration>
            <SmartLinkUnit Value="True"/>
            <TargetCPU Value="i386"/>
            <TargetOS Value="win32"/>
            <Optimizations>
              <OptimizationLevel Value="3"/>
            </Optimizations>
          </CodeGeneration>
          <Linking>
            <Debugging>
              <GenerateDebugInfo Value="False"/>
            </Debugging>
            <LinkSmart Value="True"/>
          </Linking>
          <Other>
            <CustomOptions Value="-dx86
-dWindows
-dRelease
-dFPC"/>
            <OtherDefines Count="9">
              <Define0 Value="x86"/>
              <Define1 Value="x64"/>
              <Define2 Value="Windows"/>
              <Define3 Value="Linux"/>
              <Define4 Value="Debug"/>
              <Define5 Value="Release"/>
              <Define6 Value="FPC"/>
              <Define7 Value="Delphi"/>
              <Define8 Value="PurePascal"/>
            </OtherDefines>
          </Other>
        </CompilerOptions>
      </Item2>
      <Item3 Name="Debug_win_x64">
        <CompilerOptions>
          <Version Value="11"/>
          <PathDelim Value="\"/>
          <Target>
            <Filename Value="Debug\win_x64\__PROJNAME__"/>
          </Target>
          <SearchPaths>
            <IncludeFiles Value="$(ProjOutDir)"/>
            <UnitOutputDirectory Value="out_temp\$(TargetCPU)-$(TargetOS)"/>
          </SearchPaths>
          <Parsing>
            <SyntaxOptions>
              <IncludeAssertionCode Value="True"/>
            </SyntaxOptions>
          </Parsing>
          <CodeGeneration>
            <Checks>
              <IOChecks Value="True"/>
              <RangeChecks Value="True"/>
              <OverflowChecks Value="True"/>
              <StackChecks Value="True"/>
            </Checks>
            <TargetCPU Value="x86_64"/>
            <TargetOS Value="win64"/>
          </CodeGeneration>
          <Linking>
            <Debugging>
              <UseHeaptrc Value="True"/>
              <UseExternalDbgSyms Value="True"/>
            </Debugging>
          </Linking>
          <Other>
            <CustomOptions Value="-dx64
-dWindows
-dDebug
-dFPC"/>
            <OtherDefines Count="9">
              <Define0 Value="x86"/>
              <Define1 Value="x64"/>
              <Define2 Value="Windows"/>
              <Define3 Value="Linux"/>
              <Define4 Value="Debug"/>
              <Define5 Value="Release"/>
              <Define6 Value="FPC"/>
              <Define7 Value="Delphi"/>
              <Define8 Value="PurePascal"/>
            </OtherDefines>
          </Other>
        </CompilerOptions>
      </Item3>
      <Item4 Name="Release_win_x64">
        <CompilerOptions>
          <Version Value="11"/>
          <PathDelim Value="\"/>
          <Target>
            <Filename Value="Release\win_x64\__PROJNAME__"/>
          </Target>
          <SearchPaths>
            <IncludeFiles Value="$(ProjOutDir)"/>
            <UnitOutputDirectory Value="out_temp\$(TargetCPU)-$(TargetOS)"/>
          </SearchPaths>
          <CodeGeneration>
            <SmartLinkUnit Value="True"/>
            <TargetCPU Value="x86_64"/>
            <TargetOS Value="win64"/>
            <Optimizations>
              <OptimizationLevel Value="3"/>
            </Optimizations>
          </CodeGeneration>
          <Linking>
            <Debugging>
              <GenerateDebugInfo Value="False"/>
            </Debugging>
            <LinkSmart Value="True"/>
          </Linking>
          <Other>
            <CustomOptions Value="-dx64
-dWindows
-dRelease
-dFPC"/>
            <OtherDefines Count="9">
              <Define0 Value="x86"/>
              <Define1 Value="x64"/>
              <Define2 Value="Windows"/>
              <Define3 Value="Linux"/>
              <Define4 Value="Debug"/>
              <Define5 Value="Release"/>
              <Define6 Value="FPC"/>
              <Define7 Value="Delphi"/>
              <Define8 Value="PurePascal"/>
            </OtherDefines>
          </Other>
        </CompilerOptions>
      </Item4>
      <Item5 Name="Debug_lin_x86">
        <CompilerOptions>
          <Version Value="11"/>
          <PathDelim Value="\"/>
          <Target>
            <Filename Value="Debug\lin_x86\__PROJNAME__"/>
          </Target>
          <SearchPaths>
            <IncludeFiles Value="$(ProjOutDir)"/>
            <UnitOutputDirectory Value="out_temp\$(TargetCPU)-$(TargetOS)"/>
          </SearchPaths>
          <Parsing>
            <SyntaxOptions>
              <IncludeAssertionCode Value="True"/>
            </SyntaxOptions>
          </Parsing>
          <CodeGeneration>
            <Checks>
              <IOChecks Value="True"/>
              <RangeChecks Value="True"/>
              <OverflowChecks Value="True"/>
              <StackChecks Value="True"/>
            </Checks>
            <TargetCPU Value="i386"/>
            <TargetOS Value="linux"/>
          </CodeGeneration>
          <Linking>
            <Debugging>
              <UseHeaptrc Value="True"/>
              <UseExternalDbgSyms Value="True"/>
            </Debugging>
          </Linking>
          <Other>
            <CustomOptions Value="-dx86
-dLinux
-dDebug
-dFPC"/>
            <OtherDefines Count="9">
              <Define0 Value="x86"/>
              <Define1 Value="x64"/>
              <Define2 Value="Windows"/>
              <Define3 Value="Linux"/>
              <Define4 Value="Debug"/>
              <Define5 Value="Release"/>
              <Define6 Value="FPC"/>
              <Define7 Value="Delphi"/>
              <Define8 Value="PurePascal"/>
            </OtherDefines>
          </Other>
        </CompilerOptions>
      </Item5>
      <Item6 Name="Release_lin_x86">
        <CompilerOptions>
          <Version Value="11"/>
          <PathDelim Value="\"/>
          <Target>
            <Filename Value="Release\lin_x86\__PROJNAME__"/>
          </Target>
          <SearchPaths>
            <IncludeFiles Value="$(ProjOutDir)"/>
            <UnitOutputDirectory Value="out_temp\$(TargetCPU)-$(TargetOS)"/>
          </SearchPaths>
          <CodeGeneration>
            <SmartLinkUnit Value="True"/>
            <TargetCPU Value="i386"/>
            <TargetOS Value="linux"/>
            <Optimizations>
              <OptimizationLevel Value="3"/>
            </Optimizations>
          </CodeGeneration>
          <Linking>
            <Debugging>
              <GenerateDebugInfo Value="False"/>
            </Debugging>
            <LinkSmart Value="True"/>
          </Linking>
          <Other>
            <CustomOptions Value="-dx86
-dLinux
-dRelease
-dFPC"/>
            <OtherDefines Count="9">
              <Define0 Value="x86"/>
              <Define1 Value="x64"/>
              <Define2 Value="Windows"/>
              <Define3 Value="Linux"/>
              <Define4 Value="Debug"/>
              <Define5 Value="Release"/>
              <Define6 Value="FPC"/>
              <Define7 Value="Delphi"/>
              <Define8 Value="PurePascal"/>
            </OtherDefines>
          </Other>
        </CompilerOptions>
      </Item6>
      <Item7 Name="Debug_lin_x64">
        <CompilerOptions>
          <Version Value="11"/>
          <PathDelim Value="\"/>
          <Target>
            <Filename Value="Debug\lin_x64\__PROJNAME__"/>
          </Target>
          <SearchPaths>
            <IncludeFiles Value="$(ProjOutDir)"/>
            <UnitOutputDirectory Value="out_temp\$(TargetCPU)-$(TargetOS)"/>
          </SearchPaths>
          <Parsing>
            <SyntaxOptions>
              <IncludeAssertionCode Value="True"/>
            </SyntaxOptions>
          </Parsing>
          <CodeGeneration>
            <Checks>
              <IOChecks Value="True"/>
              <RangeChecks Value="True"/>
              <OverflowChecks Value="True"/>
              <StackChecks Value="True"/>
            </Checks>
            <TargetCPU Value="x86_64"/>
            <TargetOS Value="linux"/>
          </CodeGeneration>
          <Linking>
            <Debugging>
              <UseHeaptrc Value="True"/>
              <UseExternalDbgSyms Value="True"/>
            </Debugging>
          </Linking>
          <Other>
            <CustomOptions Value="-dx64
-dLinux
-dDebug
-dFPC"/>
            <OtherDefines Count="9">
              <Define0 Value="x86"/>
              <Define1 Value="x64"/>
              <Define2 Value="Windows"/>
              <Define3 Value="Linux"/>
              <Define4 Value="Debug"/>
              <Define5 Value="Release"/>
              <Define6 Value="FPC"/>
              <Define7 Value="Delphi"/>
              <Define8 Value="PurePascal"/>
            </OtherDefines>
          </Other>
        </CompilerOptions>
      </Item7>
      <Item8 Name="Release_lin_x64">
        <CompilerOptions>
          <Version Value="11"/>
          <PathDelim Value="\"/>
          <Target>
            <Filename Value="Release\lin_x64\__PROJNAME__"/>
          </Target>
          <SearchPaths>
            <IncludeFiles Value="$(ProjOutDir)"/>
            <UnitOutputDirectory Value="out_temp\$(TargetCPU)-$(TargetOS)"/>
          </SearchPaths>
          <CodeGeneration>
            <SmartLinkUnit Value="True"/>
            <TargetCPU Value="x86_64"/>
            <TargetOS Value="linux"/>
            <Optimizations>
              <OptimizationLevel Value="3"/>
            </Optimizations>
          </CodeGeneration>
          <Linking>
            <Debugging>
              <GenerateDebugInfo Value="False"/>
            </Debugging>
            <LinkSmart Value="True"/>
          </Linking>
          <Other>
            <CustomOptions Value="-dx64
-dLinux
-dRelease
-dFPC"/>
            <OtherDefines Count="9">
              <Define0 Value="x86"/>
              <Define1 Value="x64"/>
              <Define2 Value="Windows"/>
              <Define3 Value="Linux"/>
              <Define4 Value="Debug"/>
              <Define5 Value="Release"/>
              <Define6 Value="FPC"/>
              <Define7 Value="Delphi"/>
              <Define8 Value="PurePascal"/>
            </OtherDefines>
          </Other>
        </CompilerOptions>
      </Item8>
    </BuildModes>
    <PublishOptions>
      <Version Value="2"/>
    </PublishOptions>
    <RunParams>
      <FormatVersion Value="2"/>
      <Modes Count="1">
        <Mode0 Name="default"/>
      </Modes>
    </RunParams>
    <Units Count="1">
      <Unit0>
        <Filename Value="__PROJNAME__.lpr"/>
        <IsPartOfProject Value="True"/>
      </Unit0>
    </Units>
  </ProjectOptions>
  <CompilerOptions>
    <Version Value="11"/>
    <PathDelim Value="\"/>
    <Target>
      <Filename Value="Debug\win_x86\__PROJNAME__"/>
    </Target>
    <SearchPaths>
      <IncludeFiles Value="$(ProjOutDir)"/>
      <UnitOutputDirectory Value="out_temp\$(TargetCPU)-$(TargetOS)"/>
    </SearchPaths>
    <Parsing>
      <SyntaxOptions>
        <IncludeAssertionCode Value="True"/>
      </SyntaxOptions>
    </Parsing>
    <CodeGeneration>
      <Checks>
        <IOChecks Value="True"/>
        <RangeChecks Value="True"/>
        <OverflowChecks Value="True"/>
        <StackChecks Value="True"/>
      </Checks>
      <TargetCPU Value="i386"/>
      <TargetOS Value="win32"/>
    </CodeGeneration>
    <Linking>
      <Debugging>
        <UseHeaptrc Value="True"/>
        <UseExternalDbgSyms Value="True"/>
      </Debugging>
    </Linking>
    <Other>
      <CustomOptions Value="-dx86
-dWindows
-dDebug
-dFPC"/>
      <OtherDefines Count="9">
        <Define0 Value="x86"/>
        <Define1 Value="x64"/>
        <Define2 Value="Windows"/>
        <Define3 Value="Linux"/>
        <Define4 Value="Debug"/>
        <Define5 Value="Release"/>
        <Define6 Value="FPC"/>
        <Define7 Value="Delphi"/>
        <Define8 Value="PurePascal"/>
      </OtherDefines>
    </Other>
  </CompilerOptions>
  <Debugging>
    <Exceptions Count="3">
      <Item1>
        <Name Value="EAbort"/>
      </Item1>
      <Item2>
        <Name Value="ECodetoolError"/>
      </Item2>
      <Item3>
        <Name Value="EFOpenError"/>
      </Item3>
    </Exceptions>
  </Debugging>
</CONFIG>
